
Microsoft Visual Studio Solution File, Format Version 12.00
# Visual Studio Version 16
VisualStudioVersion = 16.0.31729.503
MinimumVisualStudioVersion = 10.0.40219.1
Project("{2150E333-8FDC-42A3-9474-1A3956D46DE8}") = "Class projects", "Class projects", "{1A143AC0-A5C4-4BCB-9298-BA0F94EB4B90}"
EndProject
Project("{FAE04EC0-301F-11D3-BF4B-00C04F79EFBC}") = "ChinookLibrary", "ChinookLibrary\ChinookLibrary.csproj", "{BAA53C49-617E-4BF3-8EF8-87934B3A20D9}"
EndProject
Project("{2150E333-8FDC-42A3-9474-1A3956D46DE8}") = "Console projects", "Console projects", "{ABB6F3AD-0389-41E9-B113-C9F8B5162C99}"
EndProject
Project("{FAE04EC0-301F-11D3-BF4B-00C04F79EFBC}") = "ConsoleApp1", "ConsoleApp1\ConsoleApp1.csproj", "{FF2CDE82-865E-45CA-BDB6-595A68D0C5A8}"
EndProject
Project("{2150E333-8FDC-42A3-9474-1A3956D46DE8}") = "Solution Items", "Solution Items", "{EDA916A5-89F0-4EF0-B90F-B78D9803357E}"
	ProjectSection(SolutionItems) = preProject
		readme.md = readme.md
	EndProjectSection
EndProject
Global
	GlobalSection(SolutionConfigurationPlatforms) = preSolution
		Debug|Any CPU = Debug|Any CPU
		Release|Any CPU = Release|Any CPU
	EndGlobalSection
	GlobalSection(ProjectConfigurationPlatforms) = postSolution
		{BAA53C49-617E-4BF3-8EF8-87934B3A20D9}.Debug|Any CPU.ActiveCfg = Debug|Any CPU
		{BAA53C49-617E-4BF3-8EF8-87934B3A20D9}.Debug|Any CPU.Build.0 = Debug|Any CPU
		{BAA53C49-617E-4BF3-8EF8-87934B3A20D9}.Release|Any CPU.ActiveCfg = Release|Any CPU
		{BAA53C49-617E-4BF3-8EF8-87934B3A20D9}.Release|Any CPU.Build.0 = Release|Any CPU
		{FF2CDE82-865E-45CA-BDB6-595A68D0C5A8}.Debug|Any CPU.ActiveCfg = Debug|Any CPU
		{FF2CDE82-865E-45CA-BDB6-595A68D0C5A8}.Debug|Any CPU.Build.0 = Debug|Any CPU
		{FF2CDE82-865E-45CA-BDB6-595A68D0C5A8}.Release|Any CPU.ActiveCfg = Release|Any CPU
		{FF2CDE82-865E-45CA-BDB6-595A68D0C5A8}.Release|Any CPU.Build.0 = Release|Any CPU
	EndGlobalSection
	GlobalSection(SolutionProperties) = preSolution
		HideSolutionNode = FALSE
	EndGlobalSection
	GlobalSection(NestedProjects) = preSolution
		{BAA53C49-617E-4BF3-8EF8-87934B3A20D9} = {1A143AC0-A5C4-4BCB-9298-BA0F94EB4B90}
		{FF2CDE82-865E-45CA-BDB6-595A68D0C5A8} = {ABB6F3AD-0389-41E9-B113-C9F8B5162C99}
	EndGlobalSection
	GlobalSection(ExtensibilityGlobals) = postSolution
		SolutionGuid = {0119BB27-9100-4C99-AB79-DDEA946BE96C}
	EndGlobalSection
EndGlobal
